
Microsoft Visual Studio Solution File, Format Version 12.00
# Visual Studio Version 17
VisualStudioVersion = 17.1.31911.260
MinimumVisualStudioVersion = 10.0.40219.1
Project("{9A19103F-16F7-4668-BE54-9A1E7A4F7556}") = "Awful.Core", "Awful.Core\Awful.Core.csproj", "{F89A1FC9-E4D8-4B26-9F1E-E3FD5CE0F106}"
EndProject
Project("{9A19103F-16F7-4668-BE54-9A1E7A4F7556}") = "Awful.Test", "Awful.Test\Awful.Test.csproj", "{F1C2A921-69F5-42DA-B1FD-4777E35B0B7A}"
EndProject
Global
	GlobalSection(SolutionConfigurationPlatforms) = preSolution
		Debug|Any CPU = Debug|Any CPU
		Release|Any CPU = Release|Any CPU
	EndGlobalSection
	GlobalSection(ProjectConfigurationPlatforms) = postSolution
		{F89A1FC9-E4D8-4B26-9F1E-E3FD5CE0F106}.Debug|Any CPU.ActiveCfg = Debug|Any CPU
		{F89A1FC9-E4D8-4B26-9F1E-E3FD5CE0F106}.Debug|Any CPU.Build.0 = Debug|Any CPU
		{F89A1FC9-E4D8-4B26-9F1E-E3FD5CE0F106}.Release|Any CPU.ActiveCfg = Release|Any CPU
		{F89A1FC9-E4D8-4B26-9F1E-E3FD5CE0F106}.Release|Any CPU.Build.0 = Release|Any CPU
		{F1C2A921-69F5-42DA-B1FD-4777E35B0B7A}.Debug|Any CPU.ActiveCfg = Debug|Any CPU
		{F1C2A921-69F5-42DA-B1FD-4777E35B0B7A}.Debug|Any CPU.Build.0 = Debug|Any CPU
		{F1C2A921-69F5-42DA-B1FD-4777E35B0B7A}.Release|Any CPU.ActiveCfg = Release|Any CPU
		{F1C2A921-69F5-42DA-B1FD-4777E35B0B7A}.Release|Any CPU.Build.0 = Release|Any CPU
	EndGlobalSection
	GlobalSection(SolutionProperties) = preSolution
		HideSolutionNode = FALSE
	EndGlobalSection
	GlobalSection(ExtensibilityGlobals) = postSolution
		SolutionGuid = {FAD4562C-1427-4D8B-94DB-1FF973A8EC9B}
	EndGlobalSection
EndGlobal
