
Microsoft Visual Studio Solution File, Format Version 12.00
# Visual Studio 15
VisualStudioVersion = 15.0.26020.0
MinimumVisualStudioVersion = 10.0.40219.1
Project("{D954291E-2A0B-460D-934E-DC6B0785DB48}") = "Mazui.Forms", "Mazui.Forms\Mazui.Forms\Mazui.Forms.shproj", "{33E2EA95-CCEB-42BB-B7E2-135BFCB180AA}"
EndProject
Project("{FAE04EC0-301F-11D3-BF4B-00C04F79EFBC}") = "Mazui.Forms.Droid", "Mazui.Forms\Mazui.Forms.Droid\Mazui.Forms.Droid.csproj", "{5443F6E4-3163-48F9-96C7-01F3A698AD5F}"
EndProject
Project("{FAE04EC0-301F-11D3-BF4B-00C04F79EFBC}") = "Mazui.Forms.iOS", "Mazui.Forms\Mazui.Forms.iOS\Mazui.Forms.iOS.csproj", "{85B5EE9F-72AD-48C5-A93F-8DF1C363026A}"
EndProject
Project("{FAE04EC0-301F-11D3-BF4B-00C04F79EFBC}") = "Mazui.Forms.UWP", "Mazui.Forms\Mazui.Forms.UWP\Mazui.Forms.UWP.csproj", "{55A2B8AA-953C-4136-8D15-7A3E69D102BA}"
EndProject
Project("{9A19103F-16F7-4668-BE54-9A1E7A4F7556}") = "Mazui.Core", "Mazui.Forms\Mazui.Core\Mazui.Core.csproj", "{9591268A-0BA9-4E1C-BF74-79D81A0DD55C}"
EndProject
Project("{9A19103F-16F7-4668-BE54-9A1E7A4F7556}") = "Mazui.Database", "Mazui.Forms\Mazui.Database\Mazui.Database.csproj", "{6E06122F-C4A1-4639-A208-1C19E7A676FF}"
EndProject
Project("{2150E333-8FDC-42A3-9474-1A3956D46DE8}") = "Tools", "Tools", "{C662F0BF-EBFA-4DE0-980C-6360E497AAB4}"
EndProject
Project("{9A19103F-16F7-4668-BE54-9A1E7A4F7556}") = "Mazui.MigrationsBait", "Mazui.MigrationsBait\Mazui.MigrationsBait.csproj", "{F8F53B9F-B307-4422-8051-9BF90111B548}"
EndProject
Global
	GlobalSection(SharedMSBuildProjectFiles) = preSolution
		Mazui.Forms\Mazui.Forms\Mazui.Forms.projitems*{33e2ea95-cceb-42bb-b7e2-135bfcb180aa}*SharedItemsImports = 13
		Mazui.Forms\Mazui.Forms\Mazui.Forms.projitems*{5443f6e4-3163-48f9-96c7-01f3a698ad5f}*SharedItemsImports = 4
		Mazui.Forms\Mazui.Forms\Mazui.Forms.projitems*{55a2b8aa-953c-4136-8d15-7a3e69d102ba}*SharedItemsImports = 4
		Mazui.Forms\Mazui.Forms\Mazui.Forms.projitems*{85b5ee9f-72ad-48c5-a93f-8df1c363026a}*SharedItemsImports = 4
	EndGlobalSection
	GlobalSection(SolutionConfigurationPlatforms) = preSolution
		Ad-Hoc|Any CPU = Ad-Hoc|Any CPU
		Ad-Hoc|ARM = Ad-Hoc|ARM
		Ad-Hoc|iPhone = Ad-Hoc|iPhone
		Ad-Hoc|iPhoneSimulator = Ad-Hoc|iPhoneSimulator
		Ad-Hoc|x64 = Ad-Hoc|x64
		Ad-Hoc|x86 = Ad-Hoc|x86
		AppStore|Any CPU = AppStore|Any CPU
		AppStore|ARM = AppStore|ARM
		AppStore|iPhone = AppStore|iPhone
		AppStore|iPhoneSimulator = AppStore|iPhoneSimulator
		AppStore|x64 = AppStore|x64
		AppStore|x86 = AppStore|x86
		Debug|Any CPU = Debug|Any CPU
		Debug|ARM = Debug|ARM
		Debug|iPhone = Debug|iPhone
		Debug|iPhoneSimulator = Debug|iPhoneSimulator
		Debug|x64 = Debug|x64
		Debug|x86 = Debug|x86
		Release|Any CPU = Release|Any CPU
		Release|ARM = Release|ARM
		Release|iPhone = Release|iPhone
		Release|iPhoneSimulator = Release|iPhoneSimulator
		Release|x64 = Release|x64
		Release|x86 = Release|x86
	EndGlobalSection
	GlobalSection(ProjectConfigurationPlatforms) = postSolution
		{5443F6E4-3163-48F9-96C7-01F3A698AD5F}.Ad-Hoc|Any CPU.ActiveCfg = Release|Any CPU
		{5443F6E4-3163-48F9-96C7-01F3A698AD5F}.Ad-Hoc|Any CPU.Build.0 = Release|Any CPU
		{5443F6E4-3163-48F9-96C7-01F3A698AD5F}.Ad-Hoc|Any CPU.Deploy.0 = Release|Any CPU
		{5443F6E4-3163-48F9-96C7-01F3A698AD5F}.Ad-Hoc|ARM.ActiveCfg = Release|Any CPU
		{5443F6E4-3163-48F9-96C7-01F3A698AD5F}.Ad-Hoc|ARM.Build.0 = Release|Any CPU
		{5443F6E4-3163-48F9-96C7-01F3A698AD5F}.Ad-Hoc|ARM.Deploy.0 = Release|Any CPU
		{5443F6E4-3163-48F9-96C7-01F3A698AD5F}.Ad-Hoc|iPhone.ActiveCfg = Release|Any CPU
		{5443F6E4-3163-48F9-96C7-01F3A698AD5F}.Ad-Hoc|iPhone.Build.0 = Release|Any CPU
		{5443F6E4-3163-48F9-96C7-01F3A698AD5F}.Ad-Hoc|iPhone.Deploy.0 = Release|Any CPU
		{5443F6E4-3163-48F9-96C7-01F3A698AD5F}.Ad-Hoc|iPhoneSimulator.ActiveCfg = Release|Any CPU
		{5443F6E4-3163-48F9-96C7-01F3A698AD5F}.Ad-Hoc|iPhoneSimulator.Build.0 = Release|Any CPU
		{5443F6E4-3163-48F9-96C7-01F3A698AD5F}.Ad-Hoc|iPhoneSimulator.Deploy.0 = Release|Any CPU
		{5443F6E4-3163-48F9-96C7-01F3A698AD5F}.Ad-Hoc|x64.ActiveCfg = Release|Any CPU
		{5443F6E4-3163-48F9-96C7-01F3A698AD5F}.Ad-Hoc|x64.Build.0 = Release|Any CPU
		{5443F6E4-3163-48F9-96C7-01F3A698AD5F}.Ad-Hoc|x64.Deploy.0 = Release|Any CPU
		{5443F6E4-3163-48F9-96C7-01F3A698AD5F}.Ad-Hoc|x86.ActiveCfg = Release|Any CPU
		{5443F6E4-3163-48F9-96C7-01F3A698AD5F}.Ad-Hoc|x86.Build.0 = Release|Any CPU
		{5443F6E4-3163-48F9-96C7-01F3A698AD5F}.Ad-Hoc|x86.Deploy.0 = Release|Any CPU
		{5443F6E4-3163-48F9-96C7-01F3A698AD5F}.AppStore|Any CPU.ActiveCfg = Release|Any CPU
		{5443F6E4-3163-48F9-96C7-01F3A698AD5F}.AppStore|Any CPU.Build.0 = Release|Any CPU
		{5443F6E4-3163-48F9-96C7-01F3A698AD5F}.AppStore|Any CPU.Deploy.0 = Release|Any CPU
		{5443F6E4-3163-48F9-96C7-01F3A698AD5F}.AppStore|ARM.ActiveCfg = Release|Any CPU
		{5443F6E4-3163-48F9-96C7-01F3A698AD5F}.AppStore|ARM.Build.0 = Release|Any CPU
		{5443F6E4-3163-48F9-96C7-01F3A698AD5F}.AppStore|ARM.Deploy.0 = Release|Any CPU
		{5443F6E4-3163-48F9-96C7-01F3A698AD5F}.AppStore|iPhone.ActiveCfg = Release|Any CPU
		{5443F6E4-3163-48F9-96C7-01F3A698AD5F}.AppStore|iPhone.Build.0 = Release|Any CPU
		{5443F6E4-3163-48F9-96C7-01F3A698AD5F}.AppStore|iPhone.Deploy.0 = Release|Any CPU
		{5443F6E4-3163-48F9-96C7-01F3A698AD5F}.AppStore|iPhoneSimulator.ActiveCfg = Release|Any CPU
		{5443F6E4-3163-48F9-96C7-01F3A698AD5F}.AppStore|iPhoneSimulator.Build.0 = Release|Any CPU
		{5443F6E4-3163-48F9-96C7-01F3A698AD5F}.AppStore|iPhoneSimulator.Deploy.0 = Release|Any CPU
		{5443F6E4-3163-48F9-96C7-01F3A698AD5F}.AppStore|x64.ActiveCfg = Release|Any CPU
		{5443F6E4-3163-48F9-96C7-01F3A698AD5F}.AppStore|x64.Build.0 = Release|Any CPU
		{5443F6E4-3163-48F9-96C7-01F3A698AD5F}.AppStore|x64.Deploy.0 = Release|Any CPU
		{5443F6E4-3163-48F9-96C7-01F3A698AD5F}.AppStore|x86.ActiveCfg = Release|Any CPU
		{5443F6E4-3163-48F9-96C7-01F3A698AD5F}.AppStore|x86.Build.0 = Release|Any CPU
		{5443F6E4-3163-48F9-96C7-01F3A698AD5F}.AppStore|x86.Deploy.0 = Release|Any CPU
		{5443F6E4-3163-48F9-96C7-01F3A698AD5F}.Debug|Any CPU.ActiveCfg = Debug|Any CPU
		{5443F6E4-3163-48F9-96C7-01F3A698AD5F}.Debug|Any CPU.Build.0 = Debug|Any CPU
		{5443F6E4-3163-48F9-96C7-01F3A698AD5F}.Debug|Any CPU.Deploy.0 = Debug|Any CPU
		{5443F6E4-3163-48F9-96C7-01F3A698AD5F}.Debug|ARM.ActiveCfg = Debug|Any CPU
		{5443F6E4-3163-48F9-96C7-01F3A698AD5F}.Debug|ARM.Build.0 = Debug|Any CPU
		{5443F6E4-3163-48F9-96C7-01F3A698AD5F}.Debug|ARM.Deploy.0 = Debug|Any CPU
		{5443F6E4-3163-48F9-96C7-01F3A698AD5F}.Debug|iPhone.ActiveCfg = Debug|Any CPU
		{5443F6E4-3163-48F9-96C7-01F3A698AD5F}.Debug|iPhone.Build.0 = Debug|Any CPU
		{5443F6E4-3163-48F9-96C7-01F3A698AD5F}.Debug|iPhone.Deploy.0 = Debug|Any CPU
		{5443F6E4-3163-48F9-96C7-01F3A698AD5F}.Debug|iPhoneSimulator.ActiveCfg = Debug|Any CPU
		{5443F6E4-3163-48F9-96C7-01F3A698AD5F}.Debug|iPhoneSimulator.Build.0 = Debug|Any CPU
		{5443F6E4-3163-48F9-96C7-01F3A698AD5F}.Debug|iPhoneSimulator.Deploy.0 = Debug|Any CPU
		{5443F6E4-3163-48F9-96C7-01F3A698AD5F}.Debug|x64.ActiveCfg = Debug|Any CPU
		{5443F6E4-3163-48F9-96C7-01F3A698AD5F}.Debug|x64.Build.0 = Debug|Any CPU
		{5443F6E4-3163-48F9-96C7-01F3A698AD5F}.Debug|x64.Deploy.0 = Debug|Any CPU
		{5443F6E4-3163-48F9-96C7-01F3A698AD5F}.Debug|x86.ActiveCfg = Debug|Any CPU
		{5443F6E4-3163-48F9-96C7-01F3A698AD5F}.Debug|x86.Build.0 = Debug|Any CPU
		{5443F6E4-3163-48F9-96C7-01F3A698AD5F}.Debug|x86.Deploy.0 = Debug|Any CPU
		{5443F6E4-3163-48F9-96C7-01F3A698AD5F}.Release|Any CPU.ActiveCfg = Release|Any CPU
		{5443F6E4-3163-48F9-96C7-01F3A698AD5F}.Release|Any CPU.Build.0 = Release|Any CPU
		{5443F6E4-3163-48F9-96C7-01F3A698AD5F}.Release|Any CPU.Deploy.0 = Release|Any CPU
		{5443F6E4-3163-48F9-96C7-01F3A698AD5F}.Release|ARM.ActiveCfg = Release|Any CPU
		{5443F6E4-3163-48F9-96C7-01F3A698AD5F}.Release|ARM.Build.0 = Release|Any CPU
		{5443F6E4-3163-48F9-96C7-01F3A698AD5F}.Release|ARM.Deploy.0 = Release|Any CPU
		{5443F6E4-3163-48F9-96C7-01F3A698AD5F}.Release|iPhone.ActiveCfg = Release|Any CPU
		{5443F6E4-3163-48F9-96C7-01F3A698AD5F}.Release|iPhone.Build.0 = Release|Any CPU
		{5443F6E4-3163-48F9-96C7-01F3A698AD5F}.Release|iPhone.Deploy.0 = Release|Any CPU
		{5443F6E4-3163-48F9-96C7-01F3A698AD5F}.Release|iPhoneSimulator.ActiveCfg = Release|Any CPU
		{5443F6E4-3163-48F9-96C7-01F3A698AD5F}.Release|iPhoneSimulator.Build.0 = Release|Any CPU
		{5443F6E4-3163-48F9-96C7-01F3A698AD5F}.Release|iPhoneSimulator.Deploy.0 = Release|Any CPU
		{5443F6E4-3163-48F9-96C7-01F3A698AD5F}.Release|x64.ActiveCfg = Release|Any CPU
		{5443F6E4-3163-48F9-96C7-01F3A698AD5F}.Release|x64.Build.0 = Release|Any CPU
		{5443F6E4-3163-48F9-96C7-01F3A698AD5F}.Release|x64.Deploy.0 = Release|Any CPU
		{5443F6E4-3163-48F9-96C7-01F3A698AD5F}.Release|x86.ActiveCfg = Release|Any CPU
		{5443F6E4-3163-48F9-96C7-01F3A698AD5F}.Release|x86.Build.0 = Release|Any CPU
		{5443F6E4-3163-48F9-96C7-01F3A698AD5F}.Release|x86.Deploy.0 = Release|Any CPU
		{85B5EE9F-72AD-48C5-A93F-8DF1C363026A}.Ad-Hoc|Any CPU.ActiveCfg = Ad-Hoc|iPhone
		{85B5EE9F-72AD-48C5-A93F-8DF1C363026A}.Ad-Hoc|ARM.ActiveCfg = Ad-Hoc|iPhone
		{85B5EE9F-72AD-48C5-A93F-8DF1C363026A}.Ad-Hoc|iPhone.ActiveCfg = Ad-Hoc|iPhone
		{85B5EE9F-72AD-48C5-A93F-8DF1C363026A}.Ad-Hoc|iPhone.Build.0 = Ad-Hoc|iPhone
		{85B5EE9F-72AD-48C5-A93F-8DF1C363026A}.Ad-Hoc|iPhoneSimulator.ActiveCfg = Ad-Hoc|iPhoneSimulator
		{85B5EE9F-72AD-48C5-A93F-8DF1C363026A}.Ad-Hoc|iPhoneSimulator.Build.0 = Ad-Hoc|iPhoneSimulator
		{85B5EE9F-72AD-48C5-A93F-8DF1C363026A}.Ad-Hoc|x64.ActiveCfg = Ad-Hoc|iPhone
		{85B5EE9F-72AD-48C5-A93F-8DF1C363026A}.Ad-Hoc|x86.ActiveCfg = Ad-Hoc|iPhone
		{85B5EE9F-72AD-48C5-A93F-8DF1C363026A}.AppStore|Any CPU.ActiveCfg = AppStore|iPhone
		{85B5EE9F-72AD-48C5-A93F-8DF1C363026A}.AppStore|ARM.ActiveCfg = AppStore|iPhone
		{85B5EE9F-72AD-48C5-A93F-8DF1C363026A}.AppStore|iPhone.ActiveCfg = AppStore|iPhone
		{85B5EE9F-72AD-48C5-A93F-8DF1C363026A}.AppStore|iPhone.Build.0 = AppStore|iPhone
		{85B5EE9F-72AD-48C5-A93F-8DF1C363026A}.AppStore|iPhoneSimulator.ActiveCfg = AppStore|iPhoneSimulator
		{85B5EE9F-72AD-48C5-A93F-8DF1C363026A}.AppStore|iPhoneSimulator.Build.0 = AppStore|iPhoneSimulator
		{85B5EE9F-72AD-48C5-A93F-8DF1C363026A}.AppStore|x64.ActiveCfg = AppStore|iPhone
		{85B5EE9F-72AD-48C5-A93F-8DF1C363026A}.AppStore|x86.ActiveCfg = AppStore|iPhone
		{85B5EE9F-72AD-48C5-A93F-8DF1C363026A}.Debug|Any CPU.ActiveCfg = Debug|iPhone
		{85B5EE9F-72AD-48C5-A93F-8DF1C363026A}.Debug|ARM.ActiveCfg = Debug|iPhone
		{85B5EE9F-72AD-48C5-A93F-8DF1C363026A}.Debug|iPhone.ActiveCfg = Debug|iPhone
		{85B5EE9F-72AD-48C5-A93F-8DF1C363026A}.Debug|iPhone.Build.0 = Debug|iPhone
		{85B5EE9F-72AD-48C5-A93F-8DF1C363026A}.Debug|iPhoneSimulator.ActiveCfg = Debug|iPhoneSimulator
		{85B5EE9F-72AD-48C5-A93F-8DF1C363026A}.Debug|iPhoneSimulator.Build.0 = Debug|iPhoneSimulator
		{85B5EE9F-72AD-48C5-A93F-8DF1C363026A}.Debug|x64.ActiveCfg = Debug|iPhone
		{85B5EE9F-72AD-48C5-A93F-8DF1C363026A}.Debug|x86.ActiveCfg = Debug|iPhone
		{85B5EE9F-72AD-48C5-A93F-8DF1C363026A}.Release|Any CPU.ActiveCfg = Release|iPhone
		{85B5EE9F-72AD-48C5-A93F-8DF1C363026A}.Release|ARM.ActiveCfg = Release|iPhone
		{85B5EE9F-72AD-48C5-A93F-8DF1C363026A}.Release|iPhone.ActiveCfg = Release|iPhone
		{85B5EE9F-72AD-48C5-A93F-8DF1C363026A}.Release|iPhone.Build.0 = Release|iPhone
		{85B5EE9F-72AD-48C5-A93F-8DF1C363026A}.Release|iPhoneSimulator.ActiveCfg = Release|iPhoneSimulator
		{85B5EE9F-72AD-48C5-A93F-8DF1C363026A}.Release|iPhoneSimulator.Build.0 = Release|iPhoneSimulator
		{85B5EE9F-72AD-48C5-A93F-8DF1C363026A}.Release|x64.ActiveCfg = Release|iPhone
		{85B5EE9F-72AD-48C5-A93F-8DF1C363026A}.Release|x86.ActiveCfg = Release|iPhone
		{55A2B8AA-953C-4136-8D15-7A3E69D102BA}.Ad-Hoc|Any CPU.ActiveCfg = Release|x86
		{55A2B8AA-953C-4136-8D15-7A3E69D102BA}.Ad-Hoc|Any CPU.Build.0 = Release|x86
		{55A2B8AA-953C-4136-8D15-7A3E69D102BA}.Ad-Hoc|Any CPU.Deploy.0 = Release|x86
		{55A2B8AA-953C-4136-8D15-7A3E69D102BA}.Ad-Hoc|ARM.ActiveCfg = Release|ARM
		{55A2B8AA-953C-4136-8D15-7A3E69D102BA}.Ad-Hoc|ARM.Build.0 = Release|ARM
		{55A2B8AA-953C-4136-8D15-7A3E69D102BA}.Ad-Hoc|ARM.Deploy.0 = Release|ARM
		{55A2B8AA-953C-4136-8D15-7A3E69D102BA}.Ad-Hoc|iPhone.ActiveCfg = Release|x86
		{55A2B8AA-953C-4136-8D15-7A3E69D102BA}.Ad-Hoc|iPhone.Build.0 = Release|x86
		{55A2B8AA-953C-4136-8D15-7A3E69D102BA}.Ad-Hoc|iPhone.Deploy.0 = Release|x86
		{55A2B8AA-953C-4136-8D15-7A3E69D102BA}.Ad-Hoc|iPhoneSimulator.ActiveCfg = Release|x86
		{55A2B8AA-953C-4136-8D15-7A3E69D102BA}.Ad-Hoc|iPhoneSimulator.Build.0 = Release|x86
		{55A2B8AA-953C-4136-8D15-7A3E69D102BA}.Ad-Hoc|iPhoneSimulator.Deploy.0 = Release|x86
		{55A2B8AA-953C-4136-8D15-7A3E69D102BA}.Ad-Hoc|x64.ActiveCfg = Release|x64
		{55A2B8AA-953C-4136-8D15-7A3E69D102BA}.Ad-Hoc|x64.Build.0 = Release|x64
		{55A2B8AA-953C-4136-8D15-7A3E69D102BA}.Ad-Hoc|x64.Deploy.0 = Release|x64
		{55A2B8AA-953C-4136-8D15-7A3E69D102BA}.Ad-Hoc|x86.ActiveCfg = Release|x86
		{55A2B8AA-953C-4136-8D15-7A3E69D102BA}.Ad-Hoc|x86.Build.0 = Release|x86
		{55A2B8AA-953C-4136-8D15-7A3E69D102BA}.Ad-Hoc|x86.Deploy.0 = Release|x86
		{55A2B8AA-953C-4136-8D15-7A3E69D102BA}.AppStore|Any CPU.ActiveCfg = Release|x86
		{55A2B8AA-953C-4136-8D15-7A3E69D102BA}.AppStore|Any CPU.Build.0 = Release|x86
		{55A2B8AA-953C-4136-8D15-7A3E69D102BA}.AppStore|Any CPU.Deploy.0 = Release|x86
		{55A2B8AA-953C-4136-8D15-7A3E69D102BA}.AppStore|ARM.ActiveCfg = Release|ARM
		{55A2B8AA-953C-4136-8D15-7A3E69D102BA}.AppStore|ARM.Build.0 = Release|ARM
		{55A2B8AA-953C-4136-8D15-7A3E69D102BA}.AppStore|ARM.Deploy.0 = Release|ARM
		{55A2B8AA-953C-4136-8D15-7A3E69D102BA}.AppStore|iPhone.ActiveCfg = Release|x86
		{55A2B8AA-953C-4136-8D15-7A3E69D102BA}.AppStore|iPhone.Build.0 = Release|x86
		{55A2B8AA-953C-4136-8D15-7A3E69D102BA}.AppStore|iPhone.Deploy.0 = Release|x86
		{55A2B8AA-953C-4136-8D15-7A3E69D102BA}.AppStore|iPhoneSimulator.ActiveCfg = Release|x86
		{55A2B8AA-953C-4136-8D15-7A3E69D102BA}.AppStore|iPhoneSimulator.Build.0 = Release|x86
		{55A2B8AA-953C-4136-8D15-7A3E69D102BA}.AppStore|iPhoneSimulator.Deploy.0 = Release|x86
		{55A2B8AA-953C-4136-8D15-7A3E69D102BA}.AppStore|x64.ActiveCfg = Release|x64
		{55A2B8AA-953C-4136-8D15-7A3E69D102BA}.AppStore|x64.Build.0 = Release|x64
		{55A2B8AA-953C-4136-8D15-7A3E69D102BA}.AppStore|x64.Deploy.0 = Release|x64
		{55A2B8AA-953C-4136-8D15-7A3E69D102BA}.AppStore|x86.ActiveCfg = Release|x86
		{55A2B8AA-953C-4136-8D15-7A3E69D102BA}.AppStore|x86.Build.0 = Release|x86
		{55A2B8AA-953C-4136-8D15-7A3E69D102BA}.AppStore|x86.Deploy.0 = Release|x86
		{55A2B8AA-953C-4136-8D15-7A3E69D102BA}.Debug|Any CPU.ActiveCfg = Debug|x86
		{55A2B8AA-953C-4136-8D15-7A3E69D102BA}.Debug|ARM.ActiveCfg = Debug|ARM
		{55A2B8AA-953C-4136-8D15-7A3E69D102BA}.Debug|ARM.Build.0 = Debug|ARM
		{55A2B8AA-953C-4136-8D15-7A3E69D102BA}.Debug|ARM.Deploy.0 = Debug|ARM
		{55A2B8AA-953C-4136-8D15-7A3E69D102BA}.Debug|iPhone.ActiveCfg = Debug|x86
		{55A2B8AA-953C-4136-8D15-7A3E69D102BA}.Debug|iPhoneSimulator.ActiveCfg = Debug|x86
		{55A2B8AA-953C-4136-8D15-7A3E69D102BA}.Debug|x64.ActiveCfg = Debug|x64
		{55A2B8AA-953C-4136-8D15-7A3E69D102BA}.Debug|x64.Build.0 = Debug|x64
		{55A2B8AA-953C-4136-8D15-7A3E69D102BA}.Debug|x64.Deploy.0 = Debug|x64
		{55A2B8AA-953C-4136-8D15-7A3E69D102BA}.Debug|x86.ActiveCfg = Debug|x86
		{55A2B8AA-953C-4136-8D15-7A3E69D102BA}.Debug|x86.Build.0 = Debug|x86
		{55A2B8AA-953C-4136-8D15-7A3E69D102BA}.Debug|x86.Deploy.0 = Debug|x86
		{55A2B8AA-953C-4136-8D15-7A3E69D102BA}.Release|Any CPU.ActiveCfg = Release|x86
		{55A2B8AA-953C-4136-8D15-7A3E69D102BA}.Release|ARM.ActiveCfg = Release|ARM
		{55A2B8AA-953C-4136-8D15-7A3E69D102BA}.Release|ARM.Build.0 = Release|ARM
		{55A2B8AA-953C-4136-8D15-7A3E69D102BA}.Release|ARM.Deploy.0 = Release|ARM
		{55A2B8AA-953C-4136-8D15-7A3E69D102BA}.Release|iPhone.ActiveCfg = Release|x86
		{55A2B8AA-953C-4136-8D15-7A3E69D102BA}.Release|iPhoneSimulator.ActiveCfg = Release|x86
		{55A2B8AA-953C-4136-8D15-7A3E69D102BA}.Release|x64.ActiveCfg = Release|x64
		{55A2B8AA-953C-4136-8D15-7A3E69D102BA}.Release|x64.Build.0 = Release|x64
		{55A2B8AA-953C-4136-8D15-7A3E69D102BA}.Release|x64.Deploy.0 = Release|x64
		{55A2B8AA-953C-4136-8D15-7A3E69D102BA}.Release|x86.ActiveCfg = Release|x86
		{55A2B8AA-953C-4136-8D15-7A3E69D102BA}.Release|x86.Build.0 = Release|x86
		{55A2B8AA-953C-4136-8D15-7A3E69D102BA}.Release|x86.Deploy.0 = Release|x86
		{9591268A-0BA9-4E1C-BF74-79D81A0DD55C}.Ad-Hoc|Any CPU.ActiveCfg = Debug|Any CPU
		{9591268A-0BA9-4E1C-BF74-79D81A0DD55C}.Ad-Hoc|Any CPU.Build.0 = Debug|Any CPU
		{9591268A-0BA9-4E1C-BF74-79D81A0DD55C}.Ad-Hoc|ARM.ActiveCfg = Debug|Any CPU
		{9591268A-0BA9-4E1C-BF74-79D81A0DD55C}.Ad-Hoc|ARM.Build.0 = Debug|Any CPU
		{9591268A-0BA9-4E1C-BF74-79D81A0DD55C}.Ad-Hoc|iPhone.ActiveCfg = Debug|Any CPU
		{9591268A-0BA9-4E1C-BF74-79D81A0DD55C}.Ad-Hoc|iPhone.Build.0 = Debug|Any CPU
		{9591268A-0BA9-4E1C-BF74-79D81A0DD55C}.Ad-Hoc|iPhoneSimulator.ActiveCfg = Debug|Any CPU
		{9591268A-0BA9-4E1C-BF74-79D81A0DD55C}.Ad-Hoc|iPhoneSimulator.Build.0 = Debug|Any CPU
		{9591268A-0BA9-4E1C-BF74-79D81A0DD55C}.Ad-Hoc|x64.ActiveCfg = Release|x64
		{9591268A-0BA9-4E1C-BF74-79D81A0DD55C}.Ad-Hoc|x64.Build.0 = Release|x64
		{9591268A-0BA9-4E1C-BF74-79D81A0DD55C}.Ad-Hoc|x86.ActiveCfg = Release|x86
		{9591268A-0BA9-4E1C-BF74-79D81A0DD55C}.Ad-Hoc|x86.Build.0 = Release|x86
		{9591268A-0BA9-4E1C-BF74-79D81A0DD55C}.AppStore|Any CPU.ActiveCfg = Debug|Any CPU
		{9591268A-0BA9-4E1C-BF74-79D81A0DD55C}.AppStore|Any CPU.Build.0 = Debug|Any CPU
		{9591268A-0BA9-4E1C-BF74-79D81A0DD55C}.AppStore|ARM.ActiveCfg = Debug|Any CPU
		{9591268A-0BA9-4E1C-BF74-79D81A0DD55C}.AppStore|ARM.Build.0 = Debug|Any CPU
		{9591268A-0BA9-4E1C-BF74-79D81A0DD55C}.AppStore|iPhone.ActiveCfg = Debug|Any CPU
		{9591268A-0BA9-4E1C-BF74-79D81A0DD55C}.AppStore|iPhone.Build.0 = Debug|Any CPU
		{9591268A-0BA9-4E1C-BF74-79D81A0DD55C}.AppStore|iPhoneSimulator.ActiveCfg = Debug|Any CPU
		{9591268A-0BA9-4E1C-BF74-79D81A0DD55C}.AppStore|iPhoneSimulator.Build.0 = Debug|Any CPU
		{9591268A-0BA9-4E1C-BF74-79D81A0DD55C}.AppStore|x64.ActiveCfg = Release|x64
		{9591268A-0BA9-4E1C-BF74-79D81A0DD55C}.AppStore|x64.Build.0 = Release|x64
		{9591268A-0BA9-4E1C-BF74-79D81A0DD55C}.AppStore|x86.ActiveCfg = Release|x86
		{9591268A-0BA9-4E1C-BF74-79D81A0DD55C}.AppStore|x86.Build.0 = Release|x86
		{9591268A-0BA9-4E1C-BF74-79D81A0DD55C}.Debug|Any CPU.ActiveCfg = Debug|Any CPU
		{9591268A-0BA9-4E1C-BF74-79D81A0DD55C}.Debug|Any CPU.Build.0 = Debug|Any CPU
		{9591268A-0BA9-4E1C-BF74-79D81A0DD55C}.Debug|ARM.ActiveCfg = Debug|Any CPU
		{9591268A-0BA9-4E1C-BF74-79D81A0DD55C}.Debug|ARM.Build.0 = Debug|Any CPU
		{9591268A-0BA9-4E1C-BF74-79D81A0DD55C}.Debug|iPhone.ActiveCfg = Debug|Any CPU
		{9591268A-0BA9-4E1C-BF74-79D81A0DD55C}.Debug|iPhone.Build.0 = Debug|Any CPU
		{9591268A-0BA9-4E1C-BF74-79D81A0DD55C}.Debug|iPhoneSimulator.ActiveCfg = Debug|Any CPU
		{9591268A-0BA9-4E1C-BF74-79D81A0DD55C}.Debug|iPhoneSimulator.Build.0 = Debug|Any CPU
		{9591268A-0BA9-4E1C-BF74-79D81A0DD55C}.Debug|x64.ActiveCfg = Debug|x64
		{9591268A-0BA9-4E1C-BF74-79D81A0DD55C}.Debug|x64.Build.0 = Debug|x64
		{9591268A-0BA9-4E1C-BF74-79D81A0DD55C}.Debug|x86.ActiveCfg = Debug|x86
		{9591268A-0BA9-4E1C-BF74-79D81A0DD55C}.Debug|x86.Build.0 = Debug|x86
		{9591268A-0BA9-4E1C-BF74-79D81A0DD55C}.Release|Any CPU.ActiveCfg = Release|Any CPU
		{9591268A-0BA9-4E1C-BF74-79D81A0DD55C}.Release|Any CPU.Build.0 = Release|Any CPU
		{9591268A-0BA9-4E1C-BF74-79D81A0DD55C}.Release|ARM.ActiveCfg = Release|Any CPU
		{9591268A-0BA9-4E1C-BF74-79D81A0DD55C}.Release|ARM.Build.0 = Release|Any CPU
		{9591268A-0BA9-4E1C-BF74-79D81A0DD55C}.Release|iPhone.ActiveCfg = Release|Any CPU
		{9591268A-0BA9-4E1C-BF74-79D81A0DD55C}.Release|iPhone.Build.0 = Release|Any CPU
		{9591268A-0BA9-4E1C-BF74-79D81A0DD55C}.Release|iPhoneSimulator.ActiveCfg = Release|Any CPU
		{9591268A-0BA9-4E1C-BF74-79D81A0DD55C}.Release|iPhoneSimulator.Build.0 = Release|Any CPU
		{9591268A-0BA9-4E1C-BF74-79D81A0DD55C}.Release|x64.ActiveCfg = Release|x64
		{9591268A-0BA9-4E1C-BF74-79D81A0DD55C}.Release|x64.Build.0 = Release|x64
		{9591268A-0BA9-4E1C-BF74-79D81A0DD55C}.Release|x86.ActiveCfg = Release|x86
		{9591268A-0BA9-4E1C-BF74-79D81A0DD55C}.Release|x86.Build.0 = Release|x86
		{6E06122F-C4A1-4639-A208-1C19E7A676FF}.Ad-Hoc|Any CPU.ActiveCfg = Debug|Any CPU
		{6E06122F-C4A1-4639-A208-1C19E7A676FF}.Ad-Hoc|Any CPU.Build.0 = Debug|Any CPU
		{6E06122F-C4A1-4639-A208-1C19E7A676FF}.Ad-Hoc|ARM.ActiveCfg = Debug|Any CPU
		{6E06122F-C4A1-4639-A208-1C19E7A676FF}.Ad-Hoc|ARM.Build.0 = Debug|Any CPU
		{6E06122F-C4A1-4639-A208-1C19E7A676FF}.Ad-Hoc|iPhone.ActiveCfg = Debug|Any CPU
		{6E06122F-C4A1-4639-A208-1C19E7A676FF}.Ad-Hoc|iPhone.Build.0 = Debug|Any CPU
		{6E06122F-C4A1-4639-A208-1C19E7A676FF}.Ad-Hoc|iPhoneSimulator.ActiveCfg = Debug|Any CPU
		{6E06122F-C4A1-4639-A208-1C19E7A676FF}.Ad-Hoc|iPhoneSimulator.Build.0 = Debug|Any CPU
		{6E06122F-C4A1-4639-A208-1C19E7A676FF}.Ad-Hoc|x64.ActiveCfg = Release|x64
		{6E06122F-C4A1-4639-A208-1C19E7A676FF}.Ad-Hoc|x64.Build.0 = Release|x64
		{6E06122F-C4A1-4639-A208-1C19E7A676FF}.Ad-Hoc|x86.ActiveCfg = Release|x86
		{6E06122F-C4A1-4639-A208-1C19E7A676FF}.Ad-Hoc|x86.Build.0 = Release|x86
		{6E06122F-C4A1-4639-A208-1C19E7A676FF}.AppStore|Any CPU.ActiveCfg = Debug|Any CPU
		{6E06122F-C4A1-4639-A208-1C19E7A676FF}.AppStore|Any CPU.Build.0 = Debug|Any CPU
		{6E06122F-C4A1-4639-A208-1C19E7A676FF}.AppStore|ARM.ActiveCfg = Debug|Any CPU
		{6E06122F-C4A1-4639-A208-1C19E7A676FF}.AppStore|ARM.Build.0 = Debug|Any CPU
		{6E06122F-C4A1-4639-A208-1C19E7A676FF}.AppStore|iPhone.ActiveCfg = Debug|Any CPU
		{6E06122F-C4A1-4639-A208-1C19E7A676FF}.AppStore|iPhone.Build.0 = Debug|Any CPU
		{6E06122F-C4A1-4639-A208-1C19E7A676FF}.AppStore|iPhoneSimulator.ActiveCfg = Debug|Any CPU
		{6E06122F-C4A1-4639-A208-1C19E7A676FF}.AppStore|iPhoneSimulator.Build.0 = Debug|Any CPU
		{6E06122F-C4A1-4639-A208-1C19E7A676FF}.AppStore|x64.ActiveCfg = Release|x64
		{6E06122F-C4A1-4639-A208-1C19E7A676FF}.AppStore|x64.Build.0 = Release|x64
		{6E06122F-C4A1-4639-A208-1C19E7A676FF}.AppStore|x86.ActiveCfg = Release|x86
		{6E06122F-C4A1-4639-A208-1C19E7A676FF}.AppStore|x86.Build.0 = Release|x86
		{6E06122F-C4A1-4639-A208-1C19E7A676FF}.Debug|Any CPU.ActiveCfg = Debug|Any CPU
		{6E06122F-C4A1-4639-A208-1C19E7A676FF}.Debug|Any CPU.Build.0 = Debug|Any CPU
		{6E06122F-C4A1-4639-A208-1C19E7A676FF}.Debug|ARM.ActiveCfg = Debug|Any CPU
		{6E06122F-C4A1-4639-A208-1C19E7A676FF}.Debug|ARM.Build.0 = Debug|Any CPU
		{6E06122F-C4A1-4639-A208-1C19E7A676FF}.Debug|iPhone.ActiveCfg = Debug|Any CPU
		{6E06122F-C4A1-4639-A208-1C19E7A676FF}.Debug|iPhone.Build.0 = Debug|Any CPU
		{6E06122F-C4A1-4639-A208-1C19E7A676FF}.Debug|iPhoneSimulator.ActiveCfg = Debug|Any CPU
		{6E06122F-C4A1-4639-A208-1C19E7A676FF}.Debug|iPhoneSimulator.Build.0 = Debug|Any CPU
		{6E06122F-C4A1-4639-A208-1C19E7A676FF}.Debug|x64.ActiveCfg = Debug|x64
		{6E06122F-C4A1-4639-A208-1C19E7A676FF}.Debug|x64.Build.0 = Debug|x64
		{6E06122F-C4A1-4639-A208-1C19E7A676FF}.Debug|x86.ActiveCfg = Debug|x86
		{6E06122F-C4A1-4639-A208-1C19E7A676FF}.Debug|x86.Build.0 = Debug|x86
		{6E06122F-C4A1-4639-A208-1C19E7A676FF}.Release|Any CPU.ActiveCfg = Release|Any CPU
		{6E06122F-C4A1-4639-A208-1C19E7A676FF}.Release|Any CPU.Build.0 = Release|Any CPU
		{6E06122F-C4A1-4639-A208-1C19E7A676FF}.Release|ARM.ActiveCfg = Release|Any CPU
		{6E06122F-C4A1-4639-A208-1C19E7A676FF}.Release|ARM.Build.0 = Release|Any CPU
		{6E06122F-C4A1-4639-A208-1C19E7A676FF}.Release|iPhone.ActiveCfg = Release|Any CPU
		{6E06122F-C4A1-4639-A208-1C19E7A676FF}.Release|iPhone.Build.0 = Release|Any CPU
		{6E06122F-C4A1-4639-A208-1C19E7A676FF}.Release|iPhoneSimulator.ActiveCfg = Release|Any CPU
		{6E06122F-C4A1-4639-A208-1C19E7A676FF}.Release|iPhoneSimulator.Build.0 = Release|Any CPU
		{6E06122F-C4A1-4639-A208-1C19E7A676FF}.Release|x64.ActiveCfg = Release|x64
		{6E06122F-C4A1-4639-A208-1C19E7A676FF}.Release|x64.Build.0 = Release|x64
		{6E06122F-C4A1-4639-A208-1C19E7A676FF}.Release|x86.ActiveCfg = Release|x86
		{6E06122F-C4A1-4639-A208-1C19E7A676FF}.Release|x86.Build.0 = Release|x86
		{F8F53B9F-B307-4422-8051-9BF90111B548}.Ad-Hoc|Any CPU.ActiveCfg = Debug|Any CPU
		{F8F53B9F-B307-4422-8051-9BF90111B548}.Ad-Hoc|Any CPU.Build.0 = Debug|Any CPU
		{F8F53B9F-B307-4422-8051-9BF90111B548}.Ad-Hoc|ARM.ActiveCfg = Debug|Any CPU
		{F8F53B9F-B307-4422-8051-9BF90111B548}.Ad-Hoc|ARM.Build.0 = Debug|Any CPU
		{F8F53B9F-B307-4422-8051-9BF90111B548}.Ad-Hoc|iPhone.ActiveCfg = Debug|Any CPU
		{F8F53B9F-B307-4422-8051-9BF90111B548}.Ad-Hoc|iPhone.Build.0 = Debug|Any CPU
		{F8F53B9F-B307-4422-8051-9BF90111B548}.Ad-Hoc|iPhoneSimulator.ActiveCfg = Debug|Any CPU
		{F8F53B9F-B307-4422-8051-9BF90111B548}.Ad-Hoc|iPhoneSimulator.Build.0 = Debug|Any CPU
		{F8F53B9F-B307-4422-8051-9BF90111B548}.Ad-Hoc|x64.ActiveCfg = Release|x64
		{F8F53B9F-B307-4422-8051-9BF90111B548}.Ad-Hoc|x64.Build.0 = Release|x64
		{F8F53B9F-B307-4422-8051-9BF90111B548}.Ad-Hoc|x86.ActiveCfg = Release|x86
		{F8F53B9F-B307-4422-8051-9BF90111B548}.Ad-Hoc|x86.Build.0 = Release|x86
		{F8F53B9F-B307-4422-8051-9BF90111B548}.AppStore|Any CPU.ActiveCfg = Debug|Any CPU
		{F8F53B9F-B307-4422-8051-9BF90111B548}.AppStore|Any CPU.Build.0 = Debug|Any CPU
		{F8F53B9F-B307-4422-8051-9BF90111B548}.AppStore|ARM.ActiveCfg = Debug|Any CPU
		{F8F53B9F-B307-4422-8051-9BF90111B548}.AppStore|ARM.Build.0 = Debug|Any CPU
		{F8F53B9F-B307-4422-8051-9BF90111B548}.AppStore|iPhone.ActiveCfg = Debug|Any CPU
		{F8F53B9F-B307-4422-8051-9BF90111B548}.AppStore|iPhone.Build.0 = Debug|Any CPU
		{F8F53B9F-B307-4422-8051-9BF90111B548}.AppStore|iPhoneSimulator.ActiveCfg = Debug|Any CPU
		{F8F53B9F-B307-4422-8051-9BF90111B548}.AppStore|iPhoneSimulator.Build.0 = Debug|Any CPU
		{F8F53B9F-B307-4422-8051-9BF90111B548}.AppStore|x64.ActiveCfg = Release|x64
		{F8F53B9F-B307-4422-8051-9BF90111B548}.AppStore|x64.Build.0 = Release|x64
		{F8F53B9F-B307-4422-8051-9BF90111B548}.AppStore|x86.ActiveCfg = Release|x86
		{F8F53B9F-B307-4422-8051-9BF90111B548}.AppStore|x86.Build.0 = Release|x86
		{F8F53B9F-B307-4422-8051-9BF90111B548}.Debug|Any CPU.ActiveCfg = Debug|Any CPU
		{F8F53B9F-B307-4422-8051-9BF90111B548}.Debug|Any CPU.Build.0 = Debug|Any CPU
		{F8F53B9F-B307-4422-8051-9BF90111B548}.Debug|ARM.ActiveCfg = Debug|Any CPU
		{F8F53B9F-B307-4422-8051-9BF90111B548}.Debug|ARM.Build.0 = Debug|Any CPU
		{F8F53B9F-B307-4422-8051-9BF90111B548}.Debug|iPhone.ActiveCfg = Debug|Any CPU
		{F8F53B9F-B307-4422-8051-9BF90111B548}.Debug|iPhone.Build.0 = Debug|Any CPU
		{F8F53B9F-B307-4422-8051-9BF90111B548}.Debug|iPhoneSimulator.ActiveCfg = Debug|Any CPU
		{F8F53B9F-B307-4422-8051-9BF90111B548}.Debug|iPhoneSimulator.Build.0 = Debug|Any CPU
		{F8F53B9F-B307-4422-8051-9BF90111B548}.Debug|x64.ActiveCfg = Debug|x64
		{F8F53B9F-B307-4422-8051-9BF90111B548}.Debug|x64.Build.0 = Debug|x64
		{F8F53B9F-B307-4422-8051-9BF90111B548}.Debug|x86.ActiveCfg = Debug|x86
		{F8F53B9F-B307-4422-8051-9BF90111B548}.Debug|x86.Build.0 = Debug|x86
		{F8F53B9F-B307-4422-8051-9BF90111B548}.Release|Any CPU.ActiveCfg = Release|Any CPU
		{F8F53B9F-B307-4422-8051-9BF90111B548}.Release|Any CPU.Build.0 = Release|Any CPU
		{F8F53B9F-B307-4422-8051-9BF90111B548}.Release|ARM.ActiveCfg = Release|Any CPU
		{F8F53B9F-B307-4422-8051-9BF90111B548}.Release|ARM.Build.0 = Release|Any CPU
		{F8F53B9F-B307-4422-8051-9BF90111B548}.Release|iPhone.ActiveCfg = Release|Any CPU
		{F8F53B9F-B307-4422-8051-9BF90111B548}.Release|iPhone.Build.0 = Release|Any CPU
		{F8F53B9F-B307-4422-8051-9BF90111B548}.Release|iPhoneSimulator.ActiveCfg = Release|Any CPU
		{F8F53B9F-B307-4422-8051-9BF90111B548}.Release|iPhoneSimulator.Build.0 = Release|Any CPU
		{F8F53B9F-B307-4422-8051-9BF90111B548}.Release|x64.ActiveCfg = Release|x64
		{F8F53B9F-B307-4422-8051-9BF90111B548}.Release|x64.Build.0 = Release|x64
		{F8F53B9F-B307-4422-8051-9BF90111B548}.Release|x86.ActiveCfg = Release|x86
		{F8F53B9F-B307-4422-8051-9BF90111B548}.Release|x86.Build.0 = Release|x86
	EndGlobalSection
	GlobalSection(SolutionProperties) = preSolution
		HideSolutionNode = FALSE
	EndGlobalSection
	GlobalSection(NestedProjects) = preSolution
		{9591268A-0BA9-4E1C-BF74-79D81A0DD55C} = {C662F0BF-EBFA-4DE0-980C-6360E497AAB4}
		{6E06122F-C4A1-4639-A208-1C19E7A676FF} = {C662F0BF-EBFA-4DE0-980C-6360E497AAB4}
		{F8F53B9F-B307-4422-8051-9BF90111B548} = {C662F0BF-EBFA-4DE0-980C-6360E497AAB4}
	EndGlobalSection
EndGlobal
