
Microsoft Visual Studio Solution File, Format Version 12.00
# Visual Studio 15
VisualStudioVersion = 15.0.26206.0
MinimumVisualStudioVersion = 10.0.40219.1
Project("{FAE04EC0-301F-11D3-BF4B-00C04F79EFBC}") = "Mazui", "Mazui\Mazui.csproj", "{8490068A-DD2F-499E-84BD-E54A0A5B9AD4}"
EndProject
Project("{D954291E-2A0B-460D-934E-DC6B0785DB48}") = "Mazui.UWP.ViewModels", "Mazui.ViewModels\Mazui.UWP.ViewModels.shproj", "{2B534404-C418-4012-AF4F-0197565A4D5A}"
EndProject
Project("{D954291E-2A0B-460D-934E-DC6B0785DB48}") = "Mazui.WebTemplate.Legacy", "Mazui.WebTemplate.Legacy\Mazui.WebTemplate.Legacy.shproj", "{316402D3-1164-400D-8226-554C6509957C}"
EndProject
Project("{2150E333-8FDC-42A3-9474-1A3956D46DE8}") = "Core", "Core", "{043D8DCC-F8F4-49F1-8EEC-5BAE476E468F}"
EndProject
Project("{2150E333-8FDC-42A3-9474-1A3956D46DE8}") = "Windows", "Windows", "{C25C7309-FBE5-4FE2-8962-65F39D571B49}"
EndProject
Project("{FAE04EC0-301F-11D3-BF4B-00C04F79EFBC}") = "Mazui.Core", "Core\Mazui.Core\Mazui.Core.csproj", "{F308A749-3AB4-48BA-8C5E-D36E72C9601D}"
EndProject
Project("{FAE04EC0-301F-11D3-BF4B-00C04F79EFBC}") = "Mazui.Database", "Core\Mazui.Database\Mazui.Database.csproj", "{5F0507A3-3378-4195-8477-B051EA5DDA8E}"
EndProject
Project("{FAE04EC0-301F-11D3-BF4B-00C04F79EFBC}") = "Mazui.BackgroundNotify", "Windows\Mazui.BackgroundNotify\Mazui.BackgroundNotify.csproj", "{D70329C5-4983-4B31-B64E-F1F8299194D9}"
EndProject
Project("{FAE04EC0-301F-11D3-BF4B-00C04F79EFBC}") = "Mazui.Windows.Core", "Windows\Mazui.Windows.Core\Mazui.Windows.Core.csproj", "{1E407387-75D5-4BD4-BECA-19A93F7C4A0F}"
EndProject
Project("{FAE04EC0-301F-11D3-BF4B-00C04F79EFBC}") = "MazuiVoiceService", "Windows\MazuiVoiceService\MazuiVoiceService.csproj", "{5ACE15F7-8C81-4294-B637-7F5D774D5EA2}"
EndProject
Global
	GlobalSection(SharedMSBuildProjectFiles) = preSolution
		Mazui.ViewModels\Mazui.ViewModels.projitems*{2b534404-c418-4012-af4f-0197565a4d5a}*SharedItemsImports = 13
		Mazui.WebTemplate.Legacy\Mazui.WebTemplate.Legacy.projitems*{316402d3-1164-400d-8226-554c6509957c}*SharedItemsImports = 13
		Mazui.ViewModels\Mazui.ViewModels.projitems*{8490068a-dd2f-499e-84bd-e54a0a5b9ad4}*SharedItemsImports = 4
		Mazui.WebTemplate.Legacy\Mazui.WebTemplate.Legacy.projitems*{8490068a-dd2f-499e-84bd-e54a0a5b9ad4}*SharedItemsImports = 4
	EndGlobalSection
	GlobalSection(SolutionConfigurationPlatforms) = preSolution
		Debug|Any CPU = Debug|Any CPU
		Debug|ARM = Debug|ARM
		Debug|x64 = Debug|x64
		Debug|x86 = Debug|x86
		Release|Any CPU = Release|Any CPU
		Release|ARM = Release|ARM
		Release|x64 = Release|x64
		Release|x86 = Release|x86
	EndGlobalSection
	GlobalSection(ProjectConfigurationPlatforms) = postSolution
		{8490068A-DD2F-499E-84BD-E54A0A5B9AD4}.Debug|Any CPU.ActiveCfg = Debug|x86
		{8490068A-DD2F-499E-84BD-E54A0A5B9AD4}.Debug|ARM.ActiveCfg = Debug|ARM
		{8490068A-DD2F-499E-84BD-E54A0A5B9AD4}.Debug|ARM.Build.0 = Debug|ARM
		{8490068A-DD2F-499E-84BD-E54A0A5B9AD4}.Debug|ARM.Deploy.0 = Debug|ARM
		{8490068A-DD2F-499E-84BD-E54A0A5B9AD4}.Debug|x64.ActiveCfg = Debug|x64
		{8490068A-DD2F-499E-84BD-E54A0A5B9AD4}.Debug|x64.Build.0 = Debug|x64
		{8490068A-DD2F-499E-84BD-E54A0A5B9AD4}.Debug|x64.Deploy.0 = Debug|x64
		{8490068A-DD2F-499E-84BD-E54A0A5B9AD4}.Debug|x86.ActiveCfg = Debug|x86
		{8490068A-DD2F-499E-84BD-E54A0A5B9AD4}.Debug|x86.Build.0 = Debug|x86
		{8490068A-DD2F-499E-84BD-E54A0A5B9AD4}.Debug|x86.Deploy.0 = Debug|x86
		{8490068A-DD2F-499E-84BD-E54A0A5B9AD4}.Release|Any CPU.ActiveCfg = Release|x86
		{8490068A-DD2F-499E-84BD-E54A0A5B9AD4}.Release|ARM.ActiveCfg = Release|ARM
		{8490068A-DD2F-499E-84BD-E54A0A5B9AD4}.Release|ARM.Build.0 = Release|ARM
		{8490068A-DD2F-499E-84BD-E54A0A5B9AD4}.Release|ARM.Deploy.0 = Release|ARM
		{8490068A-DD2F-499E-84BD-E54A0A5B9AD4}.Release|x64.ActiveCfg = Release|x64
		{8490068A-DD2F-499E-84BD-E54A0A5B9AD4}.Release|x64.Build.0 = Release|x64
		{8490068A-DD2F-499E-84BD-E54A0A5B9AD4}.Release|x64.Deploy.0 = Release|x64
		{8490068A-DD2F-499E-84BD-E54A0A5B9AD4}.Release|x86.ActiveCfg = Release|x86
		{8490068A-DD2F-499E-84BD-E54A0A5B9AD4}.Release|x86.Build.0 = Release|x86
		{8490068A-DD2F-499E-84BD-E54A0A5B9AD4}.Release|x86.Deploy.0 = Release|x86
		{F308A749-3AB4-48BA-8C5E-D36E72C9601D}.Debug|Any CPU.ActiveCfg = Debug|Any CPU
		{F308A749-3AB4-48BA-8C5E-D36E72C9601D}.Debug|Any CPU.Build.0 = Debug|Any CPU
		{F308A749-3AB4-48BA-8C5E-D36E72C9601D}.Debug|ARM.ActiveCfg = Debug|Any CPU
		{F308A749-3AB4-48BA-8C5E-D36E72C9601D}.Debug|ARM.Build.0 = Debug|Any CPU
		{F308A749-3AB4-48BA-8C5E-D36E72C9601D}.Debug|x64.ActiveCfg = Debug|Any CPU
		{F308A749-3AB4-48BA-8C5E-D36E72C9601D}.Debug|x64.Build.0 = Debug|Any CPU
		{F308A749-3AB4-48BA-8C5E-D36E72C9601D}.Debug|x86.ActiveCfg = Debug|Any CPU
		{F308A749-3AB4-48BA-8C5E-D36E72C9601D}.Debug|x86.Build.0 = Debug|Any CPU
		{F308A749-3AB4-48BA-8C5E-D36E72C9601D}.Release|Any CPU.ActiveCfg = Release|Any CPU
		{F308A749-3AB4-48BA-8C5E-D36E72C9601D}.Release|Any CPU.Build.0 = Release|Any CPU
		{F308A749-3AB4-48BA-8C5E-D36E72C9601D}.Release|ARM.ActiveCfg = Release|Any CPU
		{F308A749-3AB4-48BA-8C5E-D36E72C9601D}.Release|ARM.Build.0 = Release|Any CPU
		{F308A749-3AB4-48BA-8C5E-D36E72C9601D}.Release|x64.ActiveCfg = Release|Any CPU
		{F308A749-3AB4-48BA-8C5E-D36E72C9601D}.Release|x64.Build.0 = Release|Any CPU
		{F308A749-3AB4-48BA-8C5E-D36E72C9601D}.Release|x86.ActiveCfg = Release|Any CPU
		{F308A749-3AB4-48BA-8C5E-D36E72C9601D}.Release|x86.Build.0 = Release|Any CPU
		{5F0507A3-3378-4195-8477-B051EA5DDA8E}.Debug|Any CPU.ActiveCfg = Debug|Any CPU
		{5F0507A3-3378-4195-8477-B051EA5DDA8E}.Debug|Any CPU.Build.0 = Debug|Any CPU
		{5F0507A3-3378-4195-8477-B051EA5DDA8E}.Debug|ARM.ActiveCfg = Debug|Any CPU
		{5F0507A3-3378-4195-8477-B051EA5DDA8E}.Debug|ARM.Build.0 = Debug|Any CPU
		{5F0507A3-3378-4195-8477-B051EA5DDA8E}.Debug|x64.ActiveCfg = Debug|Any CPU
		{5F0507A3-3378-4195-8477-B051EA5DDA8E}.Debug|x64.Build.0 = Debug|Any CPU
		{5F0507A3-3378-4195-8477-B051EA5DDA8E}.Debug|x86.ActiveCfg = Debug|Any CPU
		{5F0507A3-3378-4195-8477-B051EA5DDA8E}.Debug|x86.Build.0 = Debug|Any CPU
		{5F0507A3-3378-4195-8477-B051EA5DDA8E}.Release|Any CPU.ActiveCfg = Release|Any CPU
		{5F0507A3-3378-4195-8477-B051EA5DDA8E}.Release|Any CPU.Build.0 = Release|Any CPU
		{5F0507A3-3378-4195-8477-B051EA5DDA8E}.Release|ARM.ActiveCfg = Release|Any CPU
		{5F0507A3-3378-4195-8477-B051EA5DDA8E}.Release|ARM.Build.0 = Release|Any CPU
		{5F0507A3-3378-4195-8477-B051EA5DDA8E}.Release|x64.ActiveCfg = Release|Any CPU
		{5F0507A3-3378-4195-8477-B051EA5DDA8E}.Release|x64.Build.0 = Release|Any CPU
		{5F0507A3-3378-4195-8477-B051EA5DDA8E}.Release|x86.ActiveCfg = Release|Any CPU
		{5F0507A3-3378-4195-8477-B051EA5DDA8E}.Release|x86.Build.0 = Release|Any CPU
		{D70329C5-4983-4B31-B64E-F1F8299194D9}.Debug|Any CPU.ActiveCfg = Debug|Any CPU
		{D70329C5-4983-4B31-B64E-F1F8299194D9}.Debug|Any CPU.Build.0 = Debug|Any CPU
		{D70329C5-4983-4B31-B64E-F1F8299194D9}.Debug|ARM.ActiveCfg = Debug|ARM
		{D70329C5-4983-4B31-B64E-F1F8299194D9}.Debug|ARM.Build.0 = Debug|ARM
		{D70329C5-4983-4B31-B64E-F1F8299194D9}.Debug|x64.ActiveCfg = Debug|x64
		{D70329C5-4983-4B31-B64E-F1F8299194D9}.Debug|x64.Build.0 = Debug|x64
		{D70329C5-4983-4B31-B64E-F1F8299194D9}.Debug|x86.ActiveCfg = Debug|x86
		{D70329C5-4983-4B31-B64E-F1F8299194D9}.Debug|x86.Build.0 = Debug|x86
		{D70329C5-4983-4B31-B64E-F1F8299194D9}.Release|Any CPU.ActiveCfg = Release|Any CPU
		{D70329C5-4983-4B31-B64E-F1F8299194D9}.Release|Any CPU.Build.0 = Release|Any CPU
		{D70329C5-4983-4B31-B64E-F1F8299194D9}.Release|ARM.ActiveCfg = Release|ARM
		{D70329C5-4983-4B31-B64E-F1F8299194D9}.Release|ARM.Build.0 = Release|ARM
		{D70329C5-4983-4B31-B64E-F1F8299194D9}.Release|x64.ActiveCfg = Release|x64
		{D70329C5-4983-4B31-B64E-F1F8299194D9}.Release|x64.Build.0 = Release|x64
		{D70329C5-4983-4B31-B64E-F1F8299194D9}.Release|x86.ActiveCfg = Release|x86
		{D70329C5-4983-4B31-B64E-F1F8299194D9}.Release|x86.Build.0 = Release|x86
		{1E407387-75D5-4BD4-BECA-19A93F7C4A0F}.Debug|Any CPU.ActiveCfg = Debug|Any CPU
		{1E407387-75D5-4BD4-BECA-19A93F7C4A0F}.Debug|Any CPU.Build.0 = Debug|Any CPU
		{1E407387-75D5-4BD4-BECA-19A93F7C4A0F}.Debug|ARM.ActiveCfg = Debug|ARM
		{1E407387-75D5-4BD4-BECA-19A93F7C4A0F}.Debug|ARM.Build.0 = Debug|ARM
		{1E407387-75D5-4BD4-BECA-19A93F7C4A0F}.Debug|x64.ActiveCfg = Debug|x64
		{1E407387-75D5-4BD4-BECA-19A93F7C4A0F}.Debug|x64.Build.0 = Debug|x64
		{1E407387-75D5-4BD4-BECA-19A93F7C4A0F}.Debug|x86.ActiveCfg = Debug|x86
		{1E407387-75D5-4BD4-BECA-19A93F7C4A0F}.Debug|x86.Build.0 = Debug|x86
		{1E407387-75D5-4BD4-BECA-19A93F7C4A0F}.Release|Any CPU.ActiveCfg = Release|Any CPU
		{1E407387-75D5-4BD4-BECA-19A93F7C4A0F}.Release|Any CPU.Build.0 = Release|Any CPU
		{1E407387-75D5-4BD4-BECA-19A93F7C4A0F}.Release|ARM.ActiveCfg = Release|ARM
		{1E407387-75D5-4BD4-BECA-19A93F7C4A0F}.Release|ARM.Build.0 = Release|ARM
		{1E407387-75D5-4BD4-BECA-19A93F7C4A0F}.Release|x64.ActiveCfg = Release|x64
		{1E407387-75D5-4BD4-BECA-19A93F7C4A0F}.Release|x64.Build.0 = Release|x64
		{1E407387-75D5-4BD4-BECA-19A93F7C4A0F}.Release|x86.ActiveCfg = Release|x86
		{1E407387-75D5-4BD4-BECA-19A93F7C4A0F}.Release|x86.Build.0 = Release|x86
		{5ACE15F7-8C81-4294-B637-7F5D774D5EA2}.Debug|Any CPU.ActiveCfg = Debug|Any CPU
		{5ACE15F7-8C81-4294-B637-7F5D774D5EA2}.Debug|Any CPU.Build.0 = Debug|Any CPU
		{5ACE15F7-8C81-4294-B637-7F5D774D5EA2}.Debug|ARM.ActiveCfg = Debug|ARM
		{5ACE15F7-8C81-4294-B637-7F5D774D5EA2}.Debug|ARM.Build.0 = Debug|ARM
		{5ACE15F7-8C81-4294-B637-7F5D774D5EA2}.Debug|x64.ActiveCfg = Debug|x64
		{5ACE15F7-8C81-4294-B637-7F5D774D5EA2}.Debug|x64.Build.0 = Debug|x64
		{5ACE15F7-8C81-4294-B637-7F5D774D5EA2}.Debug|x86.ActiveCfg = Debug|x86
		{5ACE15F7-8C81-4294-B637-7F5D774D5EA2}.Debug|x86.Build.0 = Debug|x86
		{5ACE15F7-8C81-4294-B637-7F5D774D5EA2}.Release|Any CPU.ActiveCfg = Release|Any CPU
		{5ACE15F7-8C81-4294-B637-7F5D774D5EA2}.Release|Any CPU.Build.0 = Release|Any CPU
		{5ACE15F7-8C81-4294-B637-7F5D774D5EA2}.Release|ARM.ActiveCfg = Release|ARM
		{5ACE15F7-8C81-4294-B637-7F5D774D5EA2}.Release|ARM.Build.0 = Release|ARM
		{5ACE15F7-8C81-4294-B637-7F5D774D5EA2}.Release|x64.ActiveCfg = Release|x64
		{5ACE15F7-8C81-4294-B637-7F5D774D5EA2}.Release|x64.Build.0 = Release|x64
		{5ACE15F7-8C81-4294-B637-7F5D774D5EA2}.Release|x86.ActiveCfg = Release|x86
		{5ACE15F7-8C81-4294-B637-7F5D774D5EA2}.Release|x86.Build.0 = Release|x86
	EndGlobalSection
	GlobalSection(SolutionProperties) = preSolution
		HideSolutionNode = FALSE
	EndGlobalSection
	GlobalSection(NestedProjects) = preSolution
		{2B534404-C418-4012-AF4F-0197565A4D5A} = {C25C7309-FBE5-4FE2-8962-65F39D571B49}
		{316402D3-1164-400D-8226-554C6509957C} = {C25C7309-FBE5-4FE2-8962-65F39D571B49}
		{F308A749-3AB4-48BA-8C5E-D36E72C9601D} = {043D8DCC-F8F4-49F1-8EEC-5BAE476E468F}
		{5F0507A3-3378-4195-8477-B051EA5DDA8E} = {043D8DCC-F8F4-49F1-8EEC-5BAE476E468F}
		{D70329C5-4983-4B31-B64E-F1F8299194D9} = {C25C7309-FBE5-4FE2-8962-65F39D571B49}
		{1E407387-75D5-4BD4-BECA-19A93F7C4A0F} = {C25C7309-FBE5-4FE2-8962-65F39D571B49}
		{5ACE15F7-8C81-4294-B637-7F5D774D5EA2} = {C25C7309-FBE5-4FE2-8962-65F39D571B49}
	EndGlobalSection
EndGlobal
