
Microsoft Visual Studio Solution File, Format Version 12.00
# Visual Studio Version 16
VisualStudioVersion = 16.0.30114.105
MinimumVisualStudioVersion = 10.0.40219.1
Project("{FAE04EC0-301F-11D3-BF4B-00C04F79EFBC}") = "Awful", "Awful\Awful.csproj", "{C7E90096-7BB8-4D3C-B84D-C0821D43187B}"
EndProject
Project("{FAE04EC0-301F-11D3-BF4B-00C04F79EFBC}") = "Awful.Test", "..\tests\Awful.Test\Awful.Test.csproj", "{A9BFC546-74D8-46E4-A226-DBD936ADE797}"
EndProject
Global
	GlobalSection(SolutionConfigurationPlatforms) = preSolution
		Debug|Any CPU = Debug|Any CPU
		Release|Any CPU = Release|Any CPU
	EndGlobalSection
	GlobalSection(SolutionProperties) = preSolution
		HideSolutionNode = FALSE
	EndGlobalSection
	GlobalSection(ProjectConfigurationPlatforms) = postSolution
		{C7E90096-7BB8-4D3C-B84D-C0821D43187B}.Debug|Any CPU.ActiveCfg = Debug|Any CPU
		{C7E90096-7BB8-4D3C-B84D-C0821D43187B}.Debug|Any CPU.Build.0 = Debug|Any CPU
		{C7E90096-7BB8-4D3C-B84D-C0821D43187B}.Release|Any CPU.ActiveCfg = Release|Any CPU
		{C7E90096-7BB8-4D3C-B84D-C0821D43187B}.Release|Any CPU.Build.0 = Release|Any CPU
		{A9BFC546-74D8-46E4-A226-DBD936ADE797}.Debug|Any CPU.ActiveCfg = Debug|Any CPU
		{A9BFC546-74D8-46E4-A226-DBD936ADE797}.Debug|Any CPU.Build.0 = Debug|Any CPU
		{A9BFC546-74D8-46E4-A226-DBD936ADE797}.Release|Any CPU.ActiveCfg = Release|Any CPU
		{A9BFC546-74D8-46E4-A226-DBD936ADE797}.Release|Any CPU.Build.0 = Release|Any CPU
	EndGlobalSection
EndGlobal
